
Microsoft Visual Studio Solution File, Format Version 12.00
# Visual Studio 15
VisualStudioVersion = 15.0.28307.902
MinimumVisualStudioVersion = 10.0.40219.1
Project("{FAE04EC0-301F-11D3-BF4B-00C04F79EFBC}") = "BMS", "BMS\BMS.csproj", "{75BA9A2E-DAC7-4572-BF1C-3A62D3558648}"
EndProject
Project("{FAE04EC0-301F-11D3-BF4B-00C04F79EFBC}") = "BmsBeta", "BmsBeta\BmsBeta.csproj", "{51A99361-14E7-41FF-93ED-09F61D7B9947}"
EndProject
Global
	GlobalSection(SolutionConfigurationPlatforms) = preSolution
		Debug|Any CPU = Debug|Any CPU
		Release|Any CPU = Release|Any CPU
	EndGlobalSection
	GlobalSection(ProjectConfigurationPlatforms) = postSolution
		{75BA9A2E-DAC7-4572-BF1C-3A62D3558648}.Debug|Any CPU.ActiveCfg = Debug|Any CPU
		{75BA9A2E-DAC7-4572-BF1C-3A62D3558648}.Debug|Any CPU.Build.0 = Debug|Any CPU
		{75BA9A2E-DAC7-4572-BF1C-3A62D3558648}.Release|Any CPU.ActiveCfg = Release|Any CPU
		{75BA9A2E-DAC7-4572-BF1C-3A62D3558648}.Release|Any CPU.Build.0 = Release|Any CPU
		{51A99361-14E7-41FF-93ED-09F61D7B9947}.Debug|Any CPU.ActiveCfg = Debug|Any CPU
		{51A99361-14E7-41FF-93ED-09F61D7B9947}.Debug|Any CPU.Build.0 = Debug|Any CPU
		{51A99361-14E7-41FF-93ED-09F61D7B9947}.Release|Any CPU.ActiveCfg = Release|Any CPU
		{51A99361-14E7-41FF-93ED-09F61D7B9947}.Release|Any CPU.Build.0 = Release|Any CPU
	EndGlobalSection
	GlobalSection(SolutionProperties) = preSolution
		HideSolutionNode = FALSE
	EndGlobalSection
	GlobalSection(ExtensibilityGlobals) = postSolution
		SolutionGuid = {90AAF801-A892-4DA6-9E2D-16D4D98D1A4E}
	EndGlobalSection
EndGlobal
