
Microsoft Visual Studio Solution File, Format Version 12.00
# Visual Studio 15
VisualStudioVersion = 15.0.28307.1267
MinimumVisualStudioVersion = 10.0.40219.1
Project("{FAE04EC0-301F-11D3-BF4B-00C04F79EFBC}") = "Pressure_Sensor_EOL", "Pressure_Sensor_EOL.csproj", "{928B2E67-1637-4831-A542-D56B64AB1983}"
EndProject
Global
	GlobalSection(SolutionConfigurationPlatforms) = preSolution
		Debug|Any CPU = Debug|Any CPU
		Debug|x64 = Debug|x64
		Debug|x86 = Debug|x86
		Release|Any CPU = Release|Any CPU
		Release|x64 = Release|x64
		Release|x86 = Release|x86
	EndGlobalSection
	GlobalSection(ProjectConfigurationPlatforms) = postSolution
		{928B2E67-1637-4831-A542-D56B64AB1983}.Debug|Any CPU.ActiveCfg = Debug|Any CPU
		{928B2E67-1637-4831-A542-D56B64AB1983}.Debug|Any CPU.Build.0 = Debug|Any CPU
		{928B2E67-1637-4831-A542-D56B64AB1983}.Debug|x64.ActiveCfg = Debug|x64
		{928B2E67-1637-4831-A542-D56B64AB1983}.Debug|x64.Build.0 = Debug|x64
		{928B2E67-1637-4831-A542-D56B64AB1983}.Debug|x86.ActiveCfg = Debug|x86
		{928B2E67-1637-4831-A542-D56B64AB1983}.Debug|x86.Build.0 = Debug|x86
		{928B2E67-1637-4831-A542-D56B64AB1983}.Release|Any CPU.ActiveCfg = Release|Any CPU
		{928B2E67-1637-4831-A542-D56B64AB1983}.Release|Any CPU.Build.0 = Release|Any CPU
		{928B2E67-1637-4831-A542-D56B64AB1983}.Release|x64.ActiveCfg = Release|x64
		{928B2E67-1637-4831-A542-D56B64AB1983}.Release|x64.Build.0 = Release|x64
		{928B2E67-1637-4831-A542-D56B64AB1983}.Release|x86.ActiveCfg = Release|x86
		{928B2E67-1637-4831-A542-D56B64AB1983}.Release|x86.Build.0 = Release|x86
	EndGlobalSection
	GlobalSection(SolutionProperties) = preSolution
		HideSolutionNode = FALSE
	EndGlobalSection
	GlobalSection(ExtensibilityGlobals) = postSolution
		SolutionGuid = {ADA041DF-B4D1-4764-9701-3B2E143B5233}
	EndGlobalSection
EndGlobal
